<?xml version="1.0" encoding="utf-8"?>
<Project ToolsVersion="4.0" xmlns="http://schemas.microsoft.com/developer/msbuild/2003">
  <ItemGroup>
    <Filter Include="Source Files">
      <UniqueIdentifier>{4FC737F1-C7A5-4376-A066-2A32D752A2FF}</UniqueIdentifier>
      <Extensions>cpp;c;cxx;def;odl;idl;hpj;bat;asm;asmx</Extensions>
    </Filter>
    <Filter Include="Header Files">
      <UniqueIdentifier>{93995380-89BD-4b04-88EB-625FBE52EBFB}</UniqueIdentifier>
      <Extensions>h;hpp;hxx;hm;inl;inc;xsd</Extensions>
    </Filter>
    <Filter Include="Generated Files">
      <UniqueIdentifier>{71ED8ED8-ACB9-4CE9-BBE1-E00B30144E11}</UniqueIdentifier>
      <Extensions>cpp;c;cxx;moc;h;def;odl;idl;res;</Extensions>
    </Filter>
    <Filter Include="Generated Files\Debug">
      <UniqueIdentifier>{4f7524a7-6a75-43f2-b3d5-b0a72bc69dd0}</UniqueIdentifier>
      <Extensions>cpp;moc</Extensions>
      <SourceControlFiles>False</SourceControlFiles>
    </Filter>
    <Filter Include="Generated Files\Release">
      <UniqueIdentifier>{3ecc0cc1-59f7-48b5-b305-909ad564468f}</UniqueIdentifier>
      <Extensions>cpp;moc</Extensions>
      <SourceControlFiles>False</SourceControlFiles>
    </Filter>
    <Filter Include="Form Files">
      <UniqueIdentifier>{99349809-55BA-4b9d-BF79-8FDBB0286EB3}</UniqueIdentifier>
      <Extensions>ui</Extensions>
      <ParseFiles>false</ParseFiles>
    </Filter>
    <Filter Include="Resource Files">
      <UniqueIdentifier>{D9D6E242-F8AF-46E4-B9FD-80ECBC20BA3E}</UniqueIdentifier>
      <Extensions>qrc;*</Extensions>
      <ParseFiles>false</ParseFiles>
    </Filter>
  </ItemGroup>
  <ItemGroup>
    <ClCompile Include="AnnealInfoDlg.cpp">
      <Filter>Source Files</Filter>
    </ClCompile>
    <ClCompile Include="Data.cpp">
      <Filter>Source Files</Filter>
    </ClCompile>
    <ClCompile Include="DataTools.cpp">
      <Filter>Source Files</Filter>
    </ClCompile>
    <ClCompile Include="Designer.cpp">
      <Filter>Source Files</Filter>
    </ClCompile>
    <ClCompile Include="DesignWizard.cpp">
      <Filter>Source Files</Filter>
    </ClCompile>
    <ClCompile Include="dialog.cpp">
      <Filter>Source Files</Filter>
    </ClCompile>
    <ClCompile Include="InstructionDlg.cpp">
      <Filter>Source Files</Filter>
    </ClCompile>
    <ClCompile Include="LoadOrNewPage.cpp">
      <Filter>Source Files</Filter>
    </ClCompile>
    <ClCompile Include="LoadSeedHitTableDlg.cpp">
      <Filter>Source Files</Filter>
    </ClCompile>
    <ClCompile Include="main.cpp">
      <Filter>Source Files</Filter>
    </ClCompile>
    <ClCompile Include="MessageDlg.cpp">
      <Filter>Source Files</Filter>
    </ClCompile>
    <ClCompile Include="MyConfirmDlg.cpp">
      <Filter>Source Files</Filter>
    </ClCompile>
    <ClCompile Include="MyProgressDlg.cpp">
      <Filter>Source Files</Filter>
    </ClCompile>
    <ClCompile Include="pGetCandidatePage.cpp">
      <Filter>Source Files</Filter>
    </ClCompile>
    <ClCompile Include="PrimerColumnDlg.cpp">
      <Filter>Source Files</Filter>
    </ClCompile>
    <ClCompile Include="PrimerDeleteCondDlg.cpp">
      <Filter>Source Files</Filter>
    </ClCompile>
    <ClCompile Include="PrimerDesignProgressDlg.cpp">
      <Filter>Source Files</Filter>
    </ClCompile>
    <ClCompile Include="PrimerDispListDlg.cpp">
      <Filter>Source Files</Filter>
    </ClCompile>
    <ClCompile Include="PrimerItemDelegate.cpp">
      <Filter>Source Files</Filter>
    </ClCompile>
    <ClCompile Include="PrimerPair.cpp">
      <Filter>Source Files</Filter>
    </ClCompile>
    <ClCompile Include="PrimerQuickSearch.cpp">
      <Filter>Source Files</Filter>
    </ClCompile>
    <ClCompile Include="PrimerReportWindow.cpp">
      <Filter>Source Files</Filter>
    </ClCompile>
    <ClCompile Include="PrimerSaveExcelDlg.cpp">
      <Filter>Source Files</Filter>
    </ClCompile>
    <ClCompile Include="PrimerSaveListDlg.cpp">
      <Filter>Source Files</Filter>
    </ClCompile>
    <ClCompile Include="PrimerSearch.cpp">
      <Filter>Source Files</Filter>
    </ClCompile>
    <ClCompile Include="PrimerSettingPropertyPage.cpp">
      <Filter>Source Files</Filter>
    </ClCompile>
    <ClCompile Include="PrimerSettingReportDlg.cpp">
      <Filter>Source Files</Filter>
    </ClCompile>
    <ClCompile Include="PrimerSettingSlctvtAdvIIPage.cpp">
      <Filter>Source Files</Filter>
    </ClCompile>
    <ClCompile Include="PrimerSettingSlctvtAdvIPage.cpp">
      <Filter>Source Files</Filter>
    </ClCompile>
    <ClCompile Include="PrimerSettingSlctvtBscPage.cpp">
      <Filter>Source Files</Filter>
    </ClCompile>
    <ClCompile Include="PrimerSortDlg.cpp">
      <Filter>Source Files</Filter>
    </ClCompile>
    <ClCompile Include="prise.cpp">
      <Filter>Source Files</Filter>
    </ClCompile>
    <ClCompile Include="PRISESetting.cpp">
      <Filter>Source Files</Filter>
    </ClCompile>
    <ClCompile Include="Probe.cpp">
      <Filter>Source Files</Filter>
    </ClCompile>
    <ClCompile Include="ProbeDesignProgressDlg.cpp">
      <Filter>Source Files</Filter>
    </ClCompile>
    <ClCompile Include="ProbeGetCandidatePage.cpp">
      <Filter>Source Files</Filter>
    </ClCompile>
    <ClCompile Include="ProbeItemDelegate.cpp">
      <Filter>Source Files</Filter>
    </ClCompile>
    <ClCompile Include="ProbeQuickSearch.cpp">
      <Filter>Source Files</Filter>
    </ClCompile>
    <ClCompile Include="ProbeSettingPropertyPage.cpp">
      <Filter>Source Files</Filter>
    </ClCompile>
    <ClCompile Include="ProbeSettingReportDlg.cpp">
      <Filter>Source Files</Filter>
    </ClCompile>
    <ClCompile Include="ProbeSettingSlctvtAdvIIPage.cpp">
      <Filter>Source Files</Filter>
    </ClCompile>
    <ClCompile Include="ProbeSettingSlctvtAdvIPage.cpp">
      <Filter>Source Files</Filter>
    </ClCompile>
    <ClCompile Include="ProbeSettingSlctvtBscPage.cpp">
      <Filter>Source Files</Filter>
    </ClCompile>
    <ClCompile Include="pSeqsInputPage.cpp">
      <Filter>Source Files</Filter>
    </ClCompile>
    <ClCompile Include="pSettingStartPage.cpp">
      <Filter>Source Files</Filter>
    </ClCompile>
    <ClCompile Include="SeqAlign.cpp">
      <Filter>Source Files</Filter>
    </ClCompile>
    <ClCompile Include="SeqAlignSettingDlg.cpp">
      <Filter>Source Files</Filter>
    </ClCompile>
    <ClCompile Include="SeqAlignShowWindow.cpp">
      <Filter>Source Files</Filter>
    </ClCompile>
    <ClCompile Include="SeqDiffWindow.cpp">
      <Filter>Source Files</Filter>
    </ClCompile>
    <ClCompile Include="SeqFindDlg.cpp">
      <Filter>Source Files</Filter>
    </ClCompile>
    <ClCompile Include="SeqMarkUnmarkDlg.cpp">
      <Filter>Source Files</Filter>
    </ClCompile>
    <ClCompile Include="SeqReportWindow.cpp">
      <Filter>Source Files</Filter>
    </ClCompile>
    <ClCompile Include="SeqTableView.cpp">
      <Filter>Source Files</Filter>
    </ClCompile>
    <ClCompile Include="tools.cpp">
      <Filter>Source Files</Filter>
    </ClCompile>
    <ClCompile Include="Triple.cpp">
      <Filter>Source Files</Filter>
    </ClCompile>
    <ClCompile Include="TripleColumnDlg.cpp">
      <Filter>Source Files</Filter>
    </ClCompile>
    <ClCompile Include="TripleDeleteCondDlg.cpp">
      <Filter>Source Files</Filter>
    </ClCompile>
    <ClCompile Include="TripleDispListDlg.cpp">
      <Filter>Source Files</Filter>
    </ClCompile>
    <ClCompile Include="TripleReportFrame.cpp">
      <Filter>Source Files</Filter>
    </ClCompile>
    <ClCompile Include="TripleReportWindow.cpp">
      <Filter>Source Files</Filter>
    </ClCompile>
    <ClCompile Include="TripleSaveExcelDlg.cpp">
      <Filter>Source Files</Filter>
    </ClCompile>
    <ClCompile Include="TripleSaveListDlg.cpp">
      <Filter>Source Files</Filter>
    </ClCompile>
    <ClCompile Include="TripleSortDlg.cpp">
      <Filter>Source Files</Filter>
    </ClCompile>
    <ClCompile Include="GeneratedFiles\qrc_PRISE.cpp">
      <Filter>Generated Files</Filter>
    </ClCompile>
    <ClCompile Include="Debug\moc_AnnealInfoDlg.cpp">
      <Filter>Generated Files\Debug</Filter>
    </ClCompile>
    <ClCompile Include="Debug\moc_DesignWizard.cpp">
      <Filter>Generated Files\Debug</Filter>
    </ClCompile>
    <ClCompile Include="Debug\moc_dialog.cpp">
      <Filter>Generated Files\Debug</Filter>
    </ClCompile>
    <ClCompile Include="Debug\moc_InstructionDlg.cpp">
      <Filter>Generated Files\Debug</Filter>
    </ClCompile>
    <ClCompile Include="Debug\moc_LoadOrNewPage.cpp">
      <Filter>Generated Files\Debug</Filter>
    </ClCompile>
    <ClCompile Include="Debug\moc_LoadSeedHitTableDlg.cpp">
      <Filter>Generated Files\Debug</Filter>
    </ClCompile>
    <ClCompile Include="Debug\moc_MessageDlg.cpp">
      <Filter>Generated Files\Debug</Filter>
    </ClCompile>
    <ClCompile Include="Debug\moc_MyConfirmDlg.cpp">
      <Filter>Generated Files\Debug</Filter>
    </ClCompile>
    <ClCompile Include="Debug\moc_MyProgressDlg.cpp">
      <Filter>Generated Files\Debug</Filter>
    </ClCompile>
    <ClCompile Include="Debug\moc_pGetCandidatePage.cpp">
      <Filter>Generated Files\Debug</Filter>
    </ClCompile>
    <ClCompile Include="Debug\moc_PrimerColumnDlg.cpp">
      <Filter>Generated Files\Debug</Filter>
    </ClCompile>
    <ClCompile Include="Debug\moc_PrimerDeleteCondDlg.cpp">
      <Filter>Generated Files\Debug</Filter>
    </ClCompile>
    <ClCompile Include="Debug\moc_PrimerDesignProgressDlg.cpp">
      <Filter>Generated Files\Debug</Filter>
    </ClCompile>
    <ClCompile Include="Debug\moc_PrimerDispListDlg.cpp">
      <Filter>Generated Files\Debug</Filter>
    </ClCompile>
    <ClCompile Include="Debug\moc_PrimerItemDelegate.cpp">
      <Filter>Generated Files\Debug</Filter>
    </ClCompile>
    <ClCompile Include="Debug\moc_PrimerReportWindow.cpp">
      <Filter>Generated Files\Debug</Filter>
    </ClCompile>
    <ClCompile Include="Debug\moc_PrimerSaveExcelDlg.cpp">
      <Filter>Generated Files\Debug</Filter>
    </ClCompile>
    <ClCompile Include="Debug\moc_PrimerSaveListDlg.cpp">
      <Filter>Generated Files\Debug</Filter>
    </ClCompile>
    <ClCompile Include="Debug\moc_PrimerSettingPropertyPage.cpp">
      <Filter>Generated Files\Debug</Filter>
    </ClCompile>
    <ClCompile Include="Debug\moc_PrimerSettingReportDlg.cpp">
      <Filter>Generated Files\Debug</Filter>
    </ClCompile>
    <ClCompile Include="Debug\moc_PrimerSettingSlctvtAdvIIPage.cpp">
      <Filter>Generated Files\Debug</Filter>
    </ClCompile>
    <ClCompile Include="Debug\moc_PrimerSettingSlctvtAdvIPage.cpp">
      <Filter>Generated Files\Debug</Filter>
    </ClCompile>
    <ClCompile Include="Debug\moc_PrimerSettingSlctvtBscPage.cpp">
      <Filter>Generated Files\Debug</Filter>
    </ClCompile>
    <ClCompile Include="Debug\moc_PrimerSortDlg.cpp">
      <Filter>Generated Files\Debug</Filter>
    </ClCompile>
    <ClCompile Include="Debug\moc_prise.cpp">
      <Filter>Generated Files\Debug</Filter>
    </ClCompile>
    <ClCompile Include="Debug\moc_ProbeDesignProgressDlg.cpp">
      <Filter>Generated Files\Debug</Filter>
    </ClCompile>
    <ClCompile Include="Debug\moc_ProbeGetCandidatePage.cpp">
      <Filter>Generated Files\Debug</Filter>
    </ClCompile>
    <ClCompile Include="Debug\moc_ProbeItemDelegate.cpp">
      <Filter>Generated Files\Debug</Filter>
    </ClCompile>
    <ClCompile Include="Debug\moc_ProbeSettingPropertyPage.cpp">
      <Filter>Generated Files\Debug</Filter>
    </ClCompile>
    <ClCompile Include="Debug\moc_ProbeSettingReportDlg.cpp">
      <Filter>Generated Files\Debug</Filter>
    </ClCompile>
    <ClCompile Include="Debug\moc_ProbeSettingSlctvtAdvIIPage.cpp">
      <Filter>Generated Files\Debug</Filter>
    </ClCompile>
    <ClCompile Include="Debug\moc_ProbeSettingSlctvtAdvIPage.cpp">
      <Filter>Generated Files\Debug</Filter>
    </ClCompile>
    <ClCompile Include="Debug\moc_ProbeSettingSlctvtBscPage.cpp">
      <Filter>Generated Files\Debug</Filter>
    </ClCompile>
    <ClCompile Include="Debug\moc_pSeqsInputPage.cpp">
      <Filter>Generated Files\Debug</Filter>
    </ClCompile>
    <ClCompile Include="Debug\moc_pSettingStartPage.cpp">
      <Filter>Generated Files\Debug</Filter>
    </ClCompile>
    <ClCompile Include="Debug\moc_SeqAlignSettingDlg.cpp">
      <Filter>Generated Files\Debug</Filter>
    </ClCompile>
    <ClCompile Include="Debug\moc_SeqAlignShowWindow.cpp">
      <Filter>Generated Files\Debug</Filter>
    </ClCompile>
    <ClCompile Include="Debug\moc_SeqDiffWindow.cpp">
      <Filter>Generated Files\Debug</Filter>
    </ClCompile>
    <ClCompile Include="Debug\moc_SeqFindDlg.cpp">
      <Filter>Generated Files\Debug</Filter>
    </ClCompile>
    <ClCompile Include="Debug\moc_SeqMarkUnmarkDlg.cpp">
      <Filter>Generated Files\Debug</Filter>
    </ClCompile>
    <ClCompile Include="Debug\moc_SeqReportWindow.cpp">
      <Filter>Generated Files\Debug</Filter>
    </ClCompile>
    <ClCompile Include="Debug\moc_SeqTableView.cpp">
      <Filter>Generated Files\Debug</Filter>
    </ClCompile>
    <ClCompile Include="Debug\moc_TripleColumnDlg.cpp">
      <Filter>Generated Files\Debug</Filter>
    </ClCompile>
    <ClCompile Include="Debug\moc_TripleDeleteCondDlg.cpp">
      <Filter>Generated Files\Debug</Filter>
    </ClCompile>
    <ClCompile Include="Debug\moc_TripleDispListDlg.cpp">
      <Filter>Generated Files\Debug</Filter>
    </ClCompile>
    <ClCompile Include="Debug\moc_TripleReportFrame.cpp">
      <Filter>Generated Files\Debug</Filter>
    </ClCompile>
    <ClCompile Include="Debug\moc_TripleReportWindow.cpp">
      <Filter>Generated Files\Debug</Filter>
    </ClCompile>
    <ClCompile Include="Debug\moc_TripleSaveExcelDlg.cpp">
      <Filter>Generated Files\Debug</Filter>
    </ClCompile>
    <ClCompile Include="Debug\moc_TripleSaveListDlg.cpp">
      <Filter>Generated Files\Debug</Filter>
    </ClCompile>
    <ClCompile Include="Debug\moc_TripleSortDlg.cpp">
      <Filter>Generated Files\Debug</Filter>
    </ClCompile>
    <ClCompile Include="Release\moc_AnnealInfoDlg.cpp">
      <Filter>Generated Files\Release</Filter>
    </ClCompile>
    <ClCompile Include="Release\moc_DesignWizard.cpp">
      <Filter>Generated Files\Release</Filter>
    </ClCompile>
    <ClCompile Include="Release\moc_dialog.cpp">
      <Filter>Generated Files\Release</Filter>
    </ClCompile>
    <ClCompile Include="Release\moc_InstructionDlg.cpp">
      <Filter>Generated Files\Release</Filter>
    </ClCompile>
    <ClCompile Include="Release\moc_LoadOrNewPage.cpp">
      <Filter>Generated Files\Release</Filter>
    </ClCompile>
    <ClCompile Include="Release\moc_LoadSeedHitTableDlg.cpp">
      <Filter>Generated Files\Release</Filter>
    </ClCompile>
    <ClCompile Include="Release\moc_MessageDlg.cpp">
      <Filter>Generated Files\Release</Filter>
    </ClCompile>
    <ClCompile Include="Release\moc_MyConfirmDlg.cpp">
      <Filter>Generated Files\Release</Filter>
    </ClCompile>
    <ClCompile Include="Release\moc_MyProgressDlg.cpp">
      <Filter>Generated Files\Release</Filter>
    </ClCompile>
    <ClCompile Include="Release\moc_pGetCandidatePage.cpp">
      <Filter>Generated Files\Release</Filter>
    </ClCompile>
    <ClCompile Include="Release\moc_PrimerColumnDlg.cpp">
      <Filter>Generated Files\Release</Filter>
    </ClCompile>
    <ClCompile Include="Release\moc_PrimerDeleteCondDlg.cpp">
      <Filter>Generated Files\Release</Filter>
    </ClCompile>
    <ClCompile Include="Release\moc_PrimerDesignProgressDlg.cpp">
      <Filter>Generated Files\Release</Filter>
    </ClCompile>
    <ClCompile Include="Release\moc_PrimerDispListDlg.cpp">
      <Filter>Generated Files\Release</Filter>
    </ClCompile>
    <ClCompile Include="Release\moc_PrimerItemDelegate.cpp">
      <Filter>Generated Files\Release</Filter>
    </ClCompile>
    <ClCompile Include="Release\moc_PrimerReportWindow.cpp">
      <Filter>Generated Files\Release</Filter>
    </ClCompile>
    <ClCompile Include="Release\moc_PrimerSaveExcelDlg.cpp">
      <Filter>Generated Files\Release</Filter>
    </ClCompile>
    <ClCompile Include="Release\moc_PrimerSaveListDlg.cpp">
      <Filter>Generated Files\Release</Filter>
    </ClCompile>
    <ClCompile Include="Release\moc_PrimerSettingPropertyPage.cpp">
      <Filter>Generated Files\Release</Filter>
    </ClCompile>
    <ClCompile Include="Release\moc_PrimerSettingReportDlg.cpp">
      <Filter>Generated Files\Release</Filter>
    </ClCompile>
    <ClCompile Include="Release\moc_PrimerSettingSlctvtAdvIIPage.cpp">
      <Filter>Generated Files\Release</Filter>
    </ClCompile>
    <ClCompile Include="Release\moc_PrimerSettingSlctvtAdvIPage.cpp">
      <Filter>Generated Files\Release</Filter>
    </ClCompile>
    <ClCompile Include="Release\moc_PrimerSettingSlctvtBscPage.cpp">
      <Filter>Generated Files\Release</Filter>
    </ClCompile>
    <ClCompile Include="Release\moc_PrimerSortDlg.cpp">
      <Filter>Generated Files\Release</Filter>
    </ClCompile>
    <ClCompile Include="Release\moc_prise.cpp">
      <Filter>Generated Files\Release</Filter>
    </ClCompile>
    <ClCompile Include="Release\moc_ProbeDesignProgressDlg.cpp">
      <Filter>Generated Files\Release</Filter>
    </ClCompile>
    <ClCompile Include="Release\moc_ProbeGetCandidatePage.cpp">
      <Filter>Generated Files\Release</Filter>
    </ClCompile>
    <ClCompile Include="Release\moc_ProbeItemDelegate.cpp">
      <Filter>Generated Files\Release</Filter>
    </ClCompile>
    <ClCompile Include="Release\moc_ProbeSettingPropertyPage.cpp">
      <Filter>Generated Files\Release</Filter>
    </ClCompile>
    <ClCompile Include="Release\moc_ProbeSettingReportDlg.cpp">
      <Filter>Generated Files\Release</Filter>
    </ClCompile>
    <ClCompile Include="Release\moc_ProbeSettingSlctvtAdvIIPage.cpp">
      <Filter>Generated Files\Release</Filter>
    </ClCompile>
    <ClCompile Include="Release\moc_ProbeSettingSlctvtAdvIPage.cpp">
      <Filter>Generated Files\Release</Filter>
    </ClCompile>
    <ClCompile Include="Release\moc_ProbeSettingSlctvtBscPage.cpp">
      <Filter>Generated Files\Release</Filter>
    </ClCompile>
    <ClCompile Include="Release\moc_pSeqsInputPage.cpp">
      <Filter>Generated Files\Release</Filter>
    </ClCompile>
    <ClCompile Include="Release\moc_pSettingStartPage.cpp">
      <Filter>Generated Files\Release</Filter>
    </ClCompile>
    <ClCompile Include="Release\moc_SeqAlignSettingDlg.cpp">
      <Filter>Generated Files\Release</Filter>
    </ClCompile>
    <ClCompile Include="Release\moc_SeqAlignShowWindow.cpp">
      <Filter>Generated Files\Release</Filter>
    </ClCompile>
    <ClCompile Include="Release\moc_SeqDiffWindow.cpp">
      <Filter>Generated Files\Release</Filter>
    </ClCompile>
    <ClCompile Include="Release\moc_SeqFindDlg.cpp">
      <Filter>Generated Files\Release</Filter>
    </ClCompile>
    <ClCompile Include="Release\moc_SeqMarkUnmarkDlg.cpp">
      <Filter>Generated Files\Release</Filter>
    </ClCompile>
    <ClCompile Include="Release\moc_SeqReportWindow.cpp">
      <Filter>Generated Files\Release</Filter>
    </ClCompile>
    <ClCompile Include="Release\moc_SeqTableView.cpp">
      <Filter>Generated Files\Release</Filter>
    </ClCompile>
    <ClCompile Include="Release\moc_TripleColumnDlg.cpp">
      <Filter>Generated Files\Release</Filter>
    </ClCompile>
    <ClCompile Include="Release\moc_TripleDeleteCondDlg.cpp">
      <Filter>Generated Files\Release</Filter>
    </ClCompile>
    <ClCompile Include="Release\moc_TripleDispListDlg.cpp">
      <Filter>Generated Files\Release</Filter>
    </ClCompile>
    <ClCompile Include="Release\moc_TripleReportFrame.cpp">
      <Filter>Generated Files\Release</Filter>
    </ClCompile>
    <ClCompile Include="Release\moc_TripleReportWindow.cpp">
      <Filter>Generated Files\Release</Filter>
    </ClCompile>
    <ClCompile Include="Release\moc_TripleSaveExcelDlg.cpp">
      <Filter>Generated Files\Release</Filter>
    </ClCompile>
    <ClCompile Include="Release\moc_TripleSaveListDlg.cpp">
      <Filter>Generated Files\Release</Filter>
    </ClCompile>
    <ClCompile Include="Release\moc_TripleSortDlg.cpp">
      <Filter>Generated Files\Release</Filter>
    </ClCompile>
  </ItemGroup>
  <ItemGroup>
    <ClInclude Include="Data.h">
      <Filter>Header Files</Filter>
    </ClInclude>
    <ClInclude Include="DataTools.h">
      <Filter>Header Files</Filter>
    </ClInclude>
    <ClInclude Include="Designer.h">
      <Filter>Header Files</Filter>
    </ClInclude>
    <ClInclude Include="GlobalDef.h">
      <Filter>Header Files</Filter>
    </ClInclude>
    <ClInclude Include="gmp.h">
      <Filter>Header Files</Filter>
    </ClInclude>
    <ClInclude Include="PrimerPair.h">
      <Filter>Header Files</Filter>
    </ClInclude>
    <ClInclude Include="PrimerQuickSearch.h">
      <Filter>Header Files</Filter>
    </ClInclude>
    <ClInclude Include="PrimerSearch.h">
      <Filter>Header Files</Filter>
    </ClInclude>
    <ClInclude Include="PRISESetting.h">
      <Filter>Header Files</Filter>
    </ClInclude>
    <ClInclude Include="Probe.h">
      <Filter>Header Files</Filter>
    </ClInclude>
    <ClInclude Include="ProbeQuickSearch.h">
      <Filter>Header Files</Filter>
    </ClInclude>
    <ClInclude Include="SeqAlign.h">
      <Filter>Header Files</Filter>
    </ClInclude>
    <ClInclude Include="SequenceList.h">
      <Filter>Header Files</Filter>
    </ClInclude>
    <ClInclude Include="sorting.h">
      <Filter>Header Files</Filter>
    </ClInclude>
    <ClInclude Include="tools.h">
      <Filter>Header Files</Filter>
    </ClInclude>
    <ClInclude Include="Triple.h">
      <Filter>Header Files</Filter>
    </ClInclude>
    <ClInclude Include="WizardPageOrder.h">
      <Filter>Header Files</Filter>
    </ClInclude>
    <ClInclude Include="GeneratedFiles\ui_AnnealInfoDlg.h">
      <Filter>Generated Files</Filter>
    </ClInclude>
    <ClInclude Include="GeneratedFiles\ui_DesignWizard.h">
      <Filter>Generated Files</Filter>
    </ClInclude>
    <ClInclude Include="GeneratedFiles\ui_dialog.h">
      <Filter>Generated Files</Filter>
    </ClInclude>
    <ClInclude Include="GeneratedFiles\ui_InstructionDlg.h">
      <Filter>Generated Files</Filter>
    </ClInclude>
    <ClInclude Include="GeneratedFiles\ui_LoadOrNewPage.h">
      <Filter>Generated Files</Filter>
    </ClInclude>
    <ClInclude Include="GeneratedFiles\ui_LoadSeedHitTableDlg.h">
      <Filter>Generated Files</Filter>
    </ClInclude>
    <ClInclude Include="GeneratedFiles\ui_MessageDlg.h">
      <Filter>Generated Files</Filter>
    </ClInclude>
    <ClInclude Include="GeneratedFiles\ui_MyConfirmDlg.h">
      <Filter>Generated Files</Filter>
    </ClInclude>
    <ClInclude Include="GeneratedFiles\ui_pGetCandidatePage.h">
      <Filter>Generated Files</Filter>
    </ClInclude>
    <ClInclude Include="GeneratedFiles\ui_PrimerColumnDlg.h">
      <Filter>Generated Files</Filter>
    </ClInclude>
    <ClInclude Include="GeneratedFiles\ui_PrimerDeleteCondDlg.h">
      <Filter>Generated Files</Filter>
    </ClInclude>
    <ClInclude Include="GeneratedFiles\ui_PrimerDispListDlg.h">
      <Filter>Generated Files</Filter>
    </ClInclude>
    <ClInclude Include="GeneratedFiles\ui_PrimerReportWindow.h">
      <Filter>Generated Files</Filter>
    </ClInclude>
    <ClInclude Include="GeneratedFiles\ui_PrimerSaveExcelDlg.h">
      <Filter>Generated Files</Filter>
    </ClInclude>
    <ClInclude Include="GeneratedFiles\ui_PrimerSaveListDlg.h">
      <Filter>Generated Files</Filter>
    </ClInclude>
    <ClInclude Include="GeneratedFiles\ui_PrimerSettingPropertyPage.h">
      <Filter>Generated Files</Filter>
    </ClInclude>
    <ClInclude Include="GeneratedFiles\ui_PrimerSettingReportDlg.h">
      <Filter>Generated Files</Filter>
    </ClInclude>
    <ClInclude Include="GeneratedFiles\ui_PrimerSettingSlctvtAdvIIPage.h">
      <Filter>Generated Files</Filter>
    </ClInclude>
    <ClInclude Include="GeneratedFiles\ui_PrimerSettingSlctvtAdvIPage.h">
      <Filter>Generated Files</Filter>
    </ClInclude>
    <ClInclude Include="GeneratedFiles\ui_PrimerSettingSlctvtBscPage.h">
      <Filter>Generated Files</Filter>
    </ClInclude>
    <ClInclude Include="GeneratedFiles\ui_PrimerSortDlg.h">
      <Filter>Generated Files</Filter>
    </ClInclude>
    <ClInclude Include="GeneratedFiles\ui_prise.h">
      <Filter>Generated Files</Filter>
    </ClInclude>
    <ClInclude Include="GeneratedFiles\ui_ProbeGetCandidatePage.h">
      <Filter>Generated Files</Filter>
    </ClInclude>
    <ClInclude Include="GeneratedFiles\ui_ProbeSettingPropertyPage.h">
      <Filter>Generated Files</Filter>
    </ClInclude>
    <ClInclude Include="GeneratedFiles\ui_ProbeSettingReportDlg.h">
      <Filter>Generated Files</Filter>
    </ClInclude>
    <ClInclude Include="GeneratedFiles\ui_ProbeSettingSlctvtAdvIIPage.h">
      <Filter>Generated Files</Filter>
    </ClInclude>
    <ClInclude Include="GeneratedFiles\ui_ProbeSettingSlctvtAdvIPage.h">
      <Filter>Generated Files</Filter>
    </ClInclude>
    <ClInclude Include="GeneratedFiles\ui_ProbeSettingSlctvtBscPage.h">
      <Filter>Generated Files</Filter>
    </ClInclude>
    <ClInclude Include="GeneratedFiles\ui_pSeqsInputPage.h">
      <Filter>Generated Files</Filter>
    </ClInclude>
    <ClInclude Include="GeneratedFiles\ui_pSettingStartPage.h">
      <Filter>Generated Files</Filter>
    </ClInclude>
    <ClInclude Include="GeneratedFiles\ui_SeqAlignSettingDlg.h">
      <Filter>Generated Files</Filter>
    </ClInclude>
    <ClInclude Include="GeneratedFiles\ui_SeqAlignShowWindow.h">
      <Filter>Generated Files</Filter>
    </ClInclude>
    <ClInclude Include="GeneratedFiles\ui_SeqDiffWindow.h">
      <Filter>Generated Files</Filter>
    </ClInclude>
    <ClInclude Include="GeneratedFiles\ui_SeqFindDlg.h">
      <Filter>Generated Files</Filter>
    </ClInclude>
    <ClInclude Include="GeneratedFiles\ui_SeqMarkUnmarkDlg.h">
      <Filter>Generated Files</Filter>
    </ClInclude>
    <ClInclude Include="GeneratedFiles\ui_SeqReportWindow.h">
      <Filter>Generated Files</Filter>
    </ClInclude>
    <ClInclude Include="GeneratedFiles\ui_TripleColumnDlg.h">
      <Filter>Generated Files</Filter>
    </ClInclude>
    <ClInclude Include="GeneratedFiles\ui_TripleDeleteCondDlg.h">
      <Filter>Generated Files</Filter>
    </ClInclude>
    <ClInclude Include="GeneratedFiles\ui_TripleDispListDlg.h">
      <Filter>Generated Files</Filter>
    </ClInclude>
    <ClInclude Include="GeneratedFiles\ui_TripleReportFrame.h">
      <Filter>Generated Files</Filter>
    </ClInclude>
    <ClInclude Include="GeneratedFiles\ui_TripleReportWindow.h">
      <Filter>Generated Files</Filter>
    </ClInclude>
    <ClInclude Include="GeneratedFiles\ui_TripleSaveExcelDlg.h">
      <Filter>Generated Files</Filter>
    </ClInclude>
    <ClInclude Include="GeneratedFiles\ui_TripleSaveListDlg.h">
      <Filter>Generated Files</Filter>
    </ClInclude>
    <ClInclude Include="GeneratedFiles\ui_TripleSortDlg.h">
      <Filter>Generated Files</Filter>
    </ClInclude>
  </ItemGroup>
  <ItemGroup>
    <CustomBuild Include="AnnealInfoDlg.h">
      <Filter>Header Files</Filter>
    </CustomBuild>
    <CustomBuild Include="DesignWizard.h">
      <Filter>Header Files</Filter>
    </CustomBuild>
    <CustomBuild Include="dialog.h">
      <Filter>Header Files</Filter>
    </CustomBuild>
    <CustomBuild Include="InstructionDlg.h">
      <Filter>Header Files</Filter>
    </CustomBuild>
    <CustomBuild Include="LoadOrNewPage.h">
      <Filter>Header Files</Filter>
    </CustomBuild>
    <CustomBuild Include="LoadSeedHitTableDlg.h">
      <Filter>Header Files</Filter>
    </CustomBuild>
    <CustomBuild Include="MessageDlg.h">
      <Filter>Header Files</Filter>
    </CustomBuild>
    <CustomBuild Include="MyConfirmDlg.h">
      <Filter>Header Files</Filter>
    </CustomBuild>
    <CustomBuild Include="MyProgressDlg.h">
      <Filter>Header Files</Filter>
    </CustomBuild>
    <CustomBuild Include="pGetCandidatePage.h">
      <Filter>Header Files</Filter>
    </CustomBuild>
    <CustomBuild Include="PrimerColumnDlg.h">
      <Filter>Header Files</Filter>
    </CustomBuild>
    <CustomBuild Include="PrimerDeleteCondDlg.h">
      <Filter>Header Files</Filter>
    </CustomBuild>
    <CustomBuild Include="PrimerDesignProgressDlg.h">
      <Filter>Header Files</Filter>
    </CustomBuild>
    <CustomBuild Include="PrimerDispListDlg.h">
      <Filter>Header Files</Filter>
    </CustomBuild>
    <CustomBuild Include="PrimerItemDelegate.h">
      <Filter>Header Files</Filter>
    </CustomBuild>
    <CustomBuild Include="PrimerReportWindow.h">
      <Filter>Header Files</Filter>
    </CustomBuild>
    <CustomBuild Include="PrimerSaveExcelDlg.h">
      <Filter>Header Files</Filter>
    </CustomBuild>
    <CustomBuild Include="PrimerSaveListDlg.h">
      <Filter>Header Files</Filter>
    </CustomBuild>
    <CustomBuild Include="PrimerSettingPropertyPage.h">
      <Filter>Header Files</Filter>
    </CustomBuild>
    <CustomBuild Include="PrimerSettingReportDlg.h">
      <Filter>Header Files</Filter>
    </CustomBuild>
    <CustomBuild Include="PrimerSettingSlctvtAdvIIPage.h">
      <Filter>Header Files</Filter>
    </CustomBuild>
    <CustomBuild Include="PrimerSettingSlctvtAdvIPage.h">
      <Filter>Header Files</Filter>
    </CustomBuild>
    <CustomBuild Include="PrimerSettingSlctvtBscPage.h">
      <Filter>Header Files</Filter>
    </CustomBuild>
    <CustomBuild Include="PrimerSortDlg.h">
      <Filter>Header Files</Filter>
    </CustomBuild>
    <CustomBuild Include="prise.h">
      <Filter>Header Files</Filter>
    </CustomBuild>
    <CustomBuild Include="ProbeDesignProgressDlg.h">
      <Filter>Header Files</Filter>
    </CustomBuild>
    <CustomBuild Include="ProbeGetCandidatePage.h">
      <Filter>Header Files</Filter>
    </CustomBuild>
    <CustomBuild Include="ProbeItemDelegate.h">
      <Filter>Header Files</Filter>
    </CustomBuild>
    <CustomBuild Include="ProbeSettingPropertyPage.h">
      <Filter>Header Files</Filter>
    </CustomBuild>
    <CustomBuild Include="ProbeSettingReportDlg.h">
      <Filter>Header Files</Filter>
    </CustomBuild>
    <CustomBuild Include="ProbeSettingSlctvtAdvIIPage.h">
      <Filter>Header Files</Filter>
    </CustomBuild>
    <CustomBuild Include="ProbeSettingSlctvtAdvIPage.h">
      <Filter>Header Files</Filter>
    </CustomBuild>
    <CustomBuild Include="ProbeSettingSlctvtBscPage.h">
      <Filter>Header Files</Filter>
    </CustomBuild>
    <CustomBuild Include="pSeqsInputPage.h">
      <Filter>Header Files</Filter>
    </CustomBuild>
    <CustomBuild Include="pSettingStartPage.h">
      <Filter>Header Files</Filter>
    </CustomBuild>
    <CustomBuild Include="SeqAlignSettingDlg.h">
      <Filter>Header Files</Filter>
    </CustomBuild>
    <CustomBuild Include="SeqAlignShowWindow.h">
      <Filter>Header Files</Filter>
    </CustomBuild>
    <CustomBuild Include="SeqDiffWindow.h">
      <Filter>Header Files</Filter>
    </CustomBuild>
    <CustomBuild Include="SeqFindDlg.h">
      <Filter>Header Files</Filter>
    </CustomBuild>
    <CustomBuild Include="SeqMarkUnmarkDlg.h">
      <Filter>Header Files</Filter>
    </CustomBuild>
    <CustomBuild Include="SeqReportWindow.h">
      <Filter>Header Files</Filter>
    </CustomBuild>
    <CustomBuild Include="SeqTableView.h">
      <Filter>Header Files</Filter>
    </CustomBuild>
    <CustomBuild Include="TripleColumnDlg.h">
      <Filter>Header Files</Filter>
    </CustomBuild>
    <CustomBuild Include="TripleDeleteCondDlg.h">
      <Filter>Header Files</Filter>
    </CustomBuild>
    <CustomBuild Include="TripleDispListDlg.h">
      <Filter>Header Files</Filter>
    </CustomBuild>
    <CustomBuild Include="TripleReportFrame.h">
      <Filter>Header Files</Filter>
    </CustomBuild>
    <CustomBuild Include="TripleReportWindow.h">
      <Filter>Header Files</Filter>
    </CustomBuild>
    <CustomBuild Include="TripleSaveExcelDlg.h">
      <Filter>Header Files</Filter>
    </CustomBuild>
    <CustomBuild Include="TripleSaveListDlg.h">
      <Filter>Header Files</Filter>
    </CustomBuild>
    <CustomBuild Include="TripleSortDlg.h">
      <Filter>Header Files</Filter>
    </CustomBuild>
    <CustomBuild Include="AnnealInfoDlg.ui">
      <Filter>Form Files</Filter>
    </CustomBuild>
    <CustomBuild Include="DesignWizard.ui">
      <Filter>Form Files</Filter>
    </CustomBuild>
    <CustomBuild Include="dialog.ui">
      <Filter>Form Files</Filter>
    </CustomBuild>
    <CustomBuild Include="InstructionDlg.ui">
      <Filter>Form Files</Filter>
    </CustomBuild>
    <CustomBuild Include="LoadOrNewPage.ui">
      <Filter>Form Files</Filter>
    </CustomBuild>
    <CustomBuild Include="LoadSeedHitTableDlg.ui">
      <Filter>Form Files</Filter>
    </CustomBuild>
    <CustomBuild Include="MessageDlg.ui">
      <Filter>Form Files</Filter>
    </CustomBuild>
    <CustomBuild Include="MyConfirmDlg.ui">
      <Filter>Form Files</Filter>
    </CustomBuild>
    <CustomBuild Include="pGetCandidatePage.ui">
      <Filter>Form Files</Filter>
    </CustomBuild>
    <CustomBuild Include="PrimerColumnDlg.ui">
      <Filter>Form Files</Filter>
    </CustomBuild>
    <CustomBuild Include="PrimerDeleteCondDlg.ui">
      <Filter>Form Files</Filter>
    </CustomBuild>
    <CustomBuild Include="PrimerDispListDlg.ui">
      <Filter>Form Files</Filter>
    </CustomBuild>
    <CustomBuild Include="PrimerReportWindow.ui">
      <Filter>Form Files</Filter>
    </CustomBuild>
    <CustomBuild Include="PrimerSaveExcelDlg.ui">
      <Filter>Form Files</Filter>
    </CustomBuild>
    <CustomBuild Include="PrimerSaveListDlg.ui">
      <Filter>Form Files</Filter>
    </CustomBuild>
    <CustomBuild Include="PrimerSettingPropertyPage.ui">
      <Filter>Form Files</Filter>
    </CustomBuild>
    <CustomBuild Include="PrimerSettingReportDlg.ui">
      <Filter>Form Files</Filter>
    </CustomBuild>
    <CustomBuild Include="PrimerSettingSlctvtAdvIIPage.ui">
      <Filter>Form Files</Filter>
    </CustomBuild>
    <CustomBuild Include="PrimerSettingSlctvtAdvIPage.ui">
      <Filter>Form Files</Filter>
    </CustomBuild>
    <CustomBuild Include="PrimerSettingSlctvtBscPage.ui">
      <Filter>Form Files</Filter>
    </CustomBuild>
    <CustomBuild Include="PrimerSortDlg.ui">
      <Filter>Form Files</Filter>
    </CustomBuild>
    <CustomBuild Include="prise.ui">
      <Filter>Form Files</Filter>
    </CustomBuild>
    <CustomBuild Include="ProbeGetCandidatePage.ui">
      <Filter>Form Files</Filter>
    </CustomBuild>
    <CustomBuild Include="ProbeSettingPropertyPage.ui">
      <Filter>Form Files</Filter>
    </CustomBuild>
    <CustomBuild Include="ProbeSettingReportDlg.ui">
      <Filter>Form Files</Filter>
    </CustomBuild>
    <CustomBuild Include="ProbeSettingSlctvtAdvIIPage.ui">
      <Filter>Form Files</Filter>
    </CustomBuild>
    <CustomBuild Include="ProbeSettingSlctvtAdvIPage.ui">
      <Filter>Form Files</Filter>
    </CustomBuild>
    <CustomBuild Include="ProbeSettingSlctvtBscPage.ui">
      <Filter>Form Files</Filter>
    </CustomBuild>
    <CustomBuild Include="pSeqsInputPage.ui">
      <Filter>Form Files</Filter>
    </CustomBuild>
    <CustomBuild Include="pSettingStartPage.ui">
      <Filter>Form Files</Filter>
    </CustomBuild>
    <CustomBuild Include="SeqAlignSettingDlg.ui">
      <Filter>Form Files</Filter>
    </CustomBuild>
    <CustomBuild Include="SeqAlignShowWindow.ui">
      <Filter>Form Files</Filter>
    </CustomBuild>
    <CustomBuild Include="SeqDiffWindow.ui">
      <Filter>Form Files</Filter>
    </CustomBuild>
    <CustomBuild Include="SeqFindDlg.ui">
      <Filter>Form Files</Filter>
    </CustomBuild>
    <CustomBuild Include="SeqMarkUnmarkDlg.ui">
      <Filter>Form Files</Filter>
    </CustomBuild>
    <CustomBuild Include="SeqReportWindow.ui">
      <Filter>Form Files</Filter>
    </CustomBuild>
    <CustomBuild Include="TripleColumnDlg.ui">
      <Filter>Form Files</Filter>
    </CustomBuild>
    <CustomBuild Include="TripleDeleteCondDlg.ui">
      <Filter>Form Files</Filter>
    </CustomBuild>
    <CustomBuild Include="TripleDispListDlg.ui">
      <Filter>Form Files</Filter>
    </CustomBuild>
    <CustomBuild Include="TripleReportFrame.ui">
      <Filter>Form Files</Filter>
    </CustomBuild>
    <CustomBuild Include="TripleReportWindow.ui">
      <Filter>Form Files</Filter>
    </CustomBuild>
    <CustomBuild Include="TripleSaveExcelDlg.ui">
      <Filter>Form Files</Filter>
    </CustomBuild>
    <CustomBuild Include="TripleSaveListDlg.ui">
      <Filter>Form Files</Filter>
    </CustomBuild>
    <CustomBuild Include="TripleSortDlg.ui">
      <Filter>Form Files</Filter>
    </CustomBuild>
    <CustomBuild Include="images\bind000.bmp">
      <Filter>Resource Files</Filter>
    </CustomBuild>
    <CustomBuild Include="images\bind100.bmp">
      <Filter>Resource Files</Filter>
    </CustomBuild>
    <CustomBuild Include="images\bind110.bmp">
      <Filter>Resource Files</Filter>
    </CustomBuild>
    <CustomBuild Include="images\bind111.bmp">
      <Filter>Resource Files</Filter>
    </CustomBuild>
    <CustomBuild Include="images\bind210.bmp">
      <Filter>Resource Files</Filter>
    </CustomBuild>
    <CustomBuild Include="images\bind211.bmp">
      <Filter>Resource Files</Filter>
    </CustomBuild>
    <CustomBuild Include="images\bind221.bmp">
      <Filter>Resource Files</Filter>
    </CustomBuild>
    <CustomBuild Include="images\bind321.bmp">
      <Filter>Resource Files</Filter>
    </CustomBuild>
    <CustomBuild Include="images\exclamation.bmp">
      <Filter>Resource Files</Filter>
    </CustomBuild>
    <CustomBuild Include="PRISE.qrc">
      <Filter>Resource Files</Filter>
    </CustomBuild>
    <CustomBuild Include="images\probe_matches.jpg">
      <Filter>Resource Files</Filter>
    </CustomBuild>
  </ItemGroup>
</Project>